
Microsoft Visual Studio Solution File, Format Version 12.00
# Visual Studio Version 17
VisualStudioVersion = 17.2.32519.379
MinimumVisualStudioVersion = 10.0.40219.1
Project("{FAE04EC0-301F-11D3-BF4B-00C04F79EFBC}") = "PryEstructuraDatos", "PryEstructuraDatos\PryEstructuraDatos.csproj", "{47CFD4A2-C29C-4C57-AD5D-ED6C110ED7DD}"
EndProject
Global
	GlobalSection(SolutionConfigurationPlatforms) = preSolution
		Debug|Any CPU = Debug|Any CPU
		Release|Any CPU = Release|Any CPU
	EndGlobalSection
	GlobalSection(ProjectConfigurationPlatforms) = postSolution
		{47CFD4A2-C29C-4C57-AD5D-ED6C110ED7DD}.Debug|Any CPU.ActiveCfg = Debug|Any CPU
		{47CFD4A2-C29C-4C57-AD5D-ED6C110ED7DD}.Debug|Any CPU.Build.0 = Debug|Any CPU
		{47CFD4A2-C29C-4C57-AD5D-ED6C110ED7DD}.Release|Any CPU.ActiveCfg = Release|Any CPU
		{47CFD4A2-C29C-4C57-AD5D-ED6C110ED7DD}.Release|Any CPU.Build.0 = Release|Any CPU
	EndGlobalSection
	GlobalSection(SolutionProperties) = preSolution
		HideSolutionNode = FALSE
	EndGlobalSection
	GlobalSection(ExtensibilityGlobals) = postSolution
		SolutionGuid = {6F7B8361-C3B0-484D-A2F7-CC3EE72603BE}
	EndGlobalSection
EndGlobal
